<?xml version="1.0" encoding="utf-8"?>
<Project ToolsVersion="4.0" xmlns="http://schemas.microsoft.com/developer/msbuild/2003">
  <ItemGroup>
    <ClCompile Include="src\global.cpp" />
    <ClCompile Include="src\grid.cpp" />
    <ClCompile Include="src\main.cpp" />
    <ClCompile Include="src\methods\solver.cpp" />
    <ClCompile Include="src\methods\solvers\MatrixSolver.cpp">
      <Filter>Solvers</Filter>
    </ClCompile>
    <ClCompile Include="src\methods\solvers\SolverHypre.cpp">
      <Filter>Solvers\HYPRE</Filter>
    </ClCompile>
    <ClCompile Include="src\methods\solvers\SolverHypreBoomerAmg.cpp">
      <Filter>Solvers\HYPRE</Filter>
    </ClCompile>
    <ClCompile Include="src\methods\solvers\SolverHypreFlexGmres.cpp">
      <Filter>Solvers\HYPRE</Filter>
    </ClCompile>
    <ClCompile Include="src\methods\solvers\SolverHyprePcg.cpp">
      <Filter>Solvers\HYPRE</Filter>
    </ClCompile>
    <ClCompile Include="src\methods\solvers\SolverZeidel.cpp">
      <Filter>Solvers\custom</Filter>
    </ClCompile>
    <ClCompile Include="src\CSR.cpp">
      <Filter>Solvers</Filter>
    </ClCompile>
    <ClCompile Include="src\methods\LimiterDG.cpp">
      <Filter>Limiters</Filter>
    </ClCompile>
    <ClCompile Include="src\methods\LimiterDGCockburn.cpp">
      <Filter>Limiters</Filter>
    </ClCompile>
    <ClCompile Include="src\methods\fem_dg_implicit.cpp">
      <Filter>Methods\FEM</Filter>
    </ClCompile>
    <ClCompile Include="src\methods\fem_rkdg.cpp">
      <Filter>Methods\FEM</Filter>
    </ClCompile>
    <ClCompile Include="src\methods\fvm_tvd.cpp">
      <Filter>Methods\FVM</Filter>
    </ClCompile>
    <ClCompile Include="src\methods\fvm_tvd_implicit.cpp">
      <Filter>Methods\FVM</Filter>
    </ClCompile>
    <ClCompile Include="src\methods\decomp.cpp">
      <Filter>Methods</Filter>
    </ClCompile>
    <ClCompile Include="src\tinyxml\tinystr.cpp">
      <Filter>Contrib</Filter>
    </ClCompile>
    <ClCompile Include="src\tinyxml\tinyxml.cpp">
      <Filter>Contrib</Filter>
    </ClCompile>
    <ClCompile Include="src\tinyxml\tinyxmlerror.cpp">
      <Filter>Contrib</Filter>
    </ClCompile>
    <ClCompile Include="src\tinyxml\tinyxmlparser.cpp">
      <Filter>Contrib</Filter>
    </ClCompile>
    <ClCompile Include="src\mesh\triangle\triangle.c">
      <Filter>Contrib</Filter>
    </ClCompile>
    <ClCompile Include="src\methods\solvers\SolverHypreGmres.cpp">
      <Filter>Solvers\HYPRE</Filter>
    </ClCompile>
    <ClCompile Include="src\methods\solvers\SolverHypreCustomSeidel.cpp">
      <Filter>Solvers\custom</Filter>
    </ClCompile>
    <ClCompile Include="src\methods\solvers\SolverHypreFlexGmresPrecAMG.cpp">
      <Filter>Solvers\HYPRE</Filter>
    </ClCompile>
  </ItemGroup>
  <ItemGroup>
    <ClInclude Include="src\global.h" />
    <ClInclude Include="src\grid.h" />
    <ClInclude Include="src\methods\solver.h" />
    <ClInclude Include="src\methods\solvers\MatrixSolver.h">
      <Filter>Solvers</Filter>
    </ClInclude>
    <ClInclude Include="src\methods\solvers\SolverHypre.h">
      <Filter>Solvers\HYPRE</Filter>
    </ClInclude>
    <ClInclude Include="src\methods\solvers\SolverHypreBoomerAmg.h">
      <Filter>Solvers\HYPRE</Filter>
    </ClInclude>
    <ClInclude Include="src\methods\solvers\SolverHypreFlexGmres.h">
      <Filter>Solvers\HYPRE</Filter>
    </ClInclude>
    <ClInclude Include="src\methods\solvers\SolverHyprePcg.h">
      <Filter>Solvers\HYPRE</Filter>
    </ClInclude>
    <ClInclude Include="src\methods\solvers\SolverZeidel.h">
      <Filter>Solvers\custom</Filter>
    </ClInclude>
    <ClInclude Include="src\CSR.h">
      <Filter>Solvers</Filter>
    </ClInclude>
    <ClInclude Include="src\methods\LimiterDG.h">
      <Filter>Limiters</Filter>
    </ClInclude>
    <ClInclude Include="src\methods\LimiterDGCockburn.h">
      <Filter>Limiters</Filter>
    </ClInclude>
    <ClInclude Include="src\methods\fem_dg_implicit.h">
      <Filter>Methods\FEM</Filter>
    </ClInclude>
    <ClInclude Include="src\methods\fem_rkdg.h">
      <Filter>Methods\FEM</Filter>
    </ClInclude>
    <ClInclude Include="src\methods\fvm_tvd.h">
      <Filter>Methods\FVM</Filter>
    </ClInclude>
    <ClInclude Include="src\methods\fvm_tvd_implicit.h">
      <Filter>Methods\FVM</Filter>
    </ClInclude>
    <ClInclude Include="src\methods\method.h">
      <Filter>Methods</Filter>
    </ClInclude>
    <ClInclude Include="src\methods\decomp.h">
      <Filter>Methods</Filter>
    </ClInclude>
    <ClInclude Include="src\tinyxml\tinystr.h">
      <Filter>Contrib</Filter>
    </ClInclude>
    <ClInclude Include="src\tinyxml\tinyxml.h">
      <Filter>Contrib</Filter>
    </ClInclude>
    <ClInclude Include="src\mesh\triangle\triangle.h">
      <Filter>Contrib</Filter>
    </ClInclude>
    <ClInclude Include="src\methods\solvers\SolverHypreGmres.h">
      <Filter>Solvers\HYPRE</Filter>
    </ClInclude>
    <ClInclude Include="src\methods\solvers\SolverHypreCustomSeidel.h">
      <Filter>Solvers\custom</Filter>
    </ClInclude>
    <ClInclude Include="src\methods\solvers\SolverHypreFlexGmresPrecAMG.h">
      <Filter>Solvers\HYPRE</Filter>
    </ClInclude>
    <ClInclude Include="src\methods\FEM_DG.h">
      <Filter>Methods\FEM</Filter>
    </ClInclude>
  </ItemGroup>
  <ItemGroup>
    <Filter Include="Solvers">
      <UniqueIdentifier>{e6f1c8f1-0c69-4380-917a-e8e839f24e70}</UniqueIdentifier>
    </Filter>
    <Filter Include="Solvers\HYPRE">
      <UniqueIdentifier>{82f6bf78-2c34-41bd-bcfa-35508609e8cb}</UniqueIdentifier>
    </Filter>
    <Filter Include="Solvers\custom">
      <UniqueIdentifier>{2a070b17-777b-4d9f-8e08-e15de4d3f656}</UniqueIdentifier>
    </Filter>
    <Filter Include="Limiters">
      <UniqueIdentifier>{52a2ac6d-f517-4d57-bdd6-fd63aad4edb5}</UniqueIdentifier>
    </Filter>
    <Filter Include="Methods">
      <UniqueIdentifier>{b787d7d7-dd3c-4796-8c9d-e8af44ce55ae}</UniqueIdentifier>
    </Filter>
    <Filter Include="Methods\FVM">
      <UniqueIdentifier>{b0a8e61d-c97d-476d-a123-4a48ee7f569d}</UniqueIdentifier>
    </Filter>
    <Filter Include="Methods\FEM">
      <UniqueIdentifier>{f9398273-6fcf-4e07-8488-e1a788099f4d}</UniqueIdentifier>
    </Filter>
    <Filter Include="Contrib">
      <UniqueIdentifier>{e56ac28d-381b-4dbf-a7e9-871c9bbea901}</UniqueIdentifier>
    </Filter>
  </ItemGroup>
</Project>